
Microsoft Visual Studio Solution File, Format Version 12.00
# Visual Studio Version 17
VisualStudioVersion = 17.12.35521.163 d17.12
MinimumVisualStudioVersion = 10.0.40219.1
Project("{FAE04EC0-301F-11D3-BF4B-00C04F79EFBC}") = "Day03", "Day3\Day03.csproj", "{AA7A759B-BB1B-45F5-A39E-0B1CD55353A1}"
EndProject
Project("{FAE04EC0-301F-11D3-BF4B-00C04F79EFBC}") = "Tests", "Tests\Tests.csproj", "{7FCC56A1-A38B-46A7-9D31-1E58246B9D16}"
EndProject
Global
	GlobalSection(SolutionConfigurationPlatforms) = preSolution
		Debug|Any CPU = Debug|Any CPU
		Release|Any CPU = Release|Any CPU
	EndGlobalSection
	GlobalSection(ProjectConfigurationPlatforms) = postSolution
		{AA7A759B-BB1B-45F5-A39E-0B1CD55353A1}.Debug|Any CPU.ActiveCfg = Debug|Any CPU
		{AA7A759B-BB1B-45F5-A39E-0B1CD55353A1}.Debug|Any CPU.Build.0 = Debug|Any CPU
		{AA7A759B-BB1B-45F5-A39E-0B1CD55353A1}.Release|Any CPU.ActiveCfg = Release|Any CPU
		{AA7A759B-BB1B-45F5-A39E-0B1CD55353A1}.Release|Any CPU.Build.0 = Release|Any CPU
		{7FCC56A1-A38B-46A7-9D31-1E58246B9D16}.Debug|Any CPU.ActiveCfg = Debug|Any CPU
		{7FCC56A1-A38B-46A7-9D31-1E58246B9D16}.Debug|Any CPU.Build.0 = Debug|Any CPU
		{7FCC56A1-A38B-46A7-9D31-1E58246B9D16}.Release|Any CPU.ActiveCfg = Release|Any CPU
		{7FCC56A1-A38B-46A7-9D31-1E58246B9D16}.Release|Any CPU.Build.0 = Release|Any CPU
	EndGlobalSection
	GlobalSection(SolutionProperties) = preSolution
		HideSolutionNode = FALSE
	EndGlobalSection
EndGlobal
